
Microsoft Visual Studio Solution File, Format Version 12.00
# Visual Studio Version 17
VisualStudioVersion = 17.4.33122.133
MinimumVisualStudioVersion = 10.0.40219.1
Project("{FAE04EC0-301F-11D3-BF4B-00C04F79EFBC}") = "HashTables", "HashTables\HashTables.csproj", "{1B75DE81-EB71-45D4-8A8C-36223293482D}"
EndProject
Global
	GlobalSection(SolutionConfigurationPlatforms) = preSolution
		Debug|Any CPU = Debug|Any CPU
		Release|Any CPU = Release|Any CPU
	EndGlobalSection
	GlobalSection(ProjectConfigurationPlatforms) = postSolution
		{1B75DE81-EB71-45D4-8A8C-36223293482D}.Debug|Any CPU.ActiveCfg = Debug|Any CPU
		{1B75DE81-EB71-45D4-8A8C-36223293482D}.Debug|Any CPU.Build.0 = Debug|Any CPU
		{1B75DE81-EB71-45D4-8A8C-36223293482D}.Release|Any CPU.ActiveCfg = Release|Any CPU
		{1B75DE81-EB71-45D4-8A8C-36223293482D}.Release|Any CPU.Build.0 = Release|Any CPU
	EndGlobalSection
	GlobalSection(SolutionProperties) = preSolution
		HideSolutionNode = FALSE
	EndGlobalSection
	GlobalSection(ExtensibilityGlobals) = postSolution
		SolutionGuid = {F78938F4-C1A4-4B42-BDE1-DC08C4D14EC4}
	EndGlobalSection
EndGlobal
